github.com/andybalholm/brotli v1.2.0 h1:ukwgCxwYrmACq68yiUqwIWnGY0cTPox/M94sVwToPjQ=
github.com/andybalholm/brotli v1.2.0/go.mod h1:rzTDkvFWvIrjDXZHkuS16NPggd91W3kUSvPlQ1pLaKY=
github.com/bytedance/gg v1.1.0 h1:FSKRxOZeN30w7h6snEbHxzgVMUV7+Xu4gc/Lz1cmBFw=
github.com/bytedance/gg v1.1.0/go.mod h1:MeGhXyy5K20hNAU9GkMM51sXdm/lsqdU0CxwIiGvZpo=
github.com/fasthttp/router v1.5.4 h1:oxdThbBwQgsDIYZ3wR1IavsNl6ZS9WdjKukeMikOnC8=
github.com/fasthttp/router v1.5.4/go.mod h1:3/hysWq6cky7dTfzaaEPZGdptwjwx0qzTgFCKEWRjgc=
github.com/google/go-cmp v0.5.9 h1:O2Tfq5qg4qc4AmwVlvv0oLiVAGB7enBSJ2x2DqQFi38=
github.com/google/go-cmp v0.5.9/go.mod h1:17dUlkBOakJ0+DkrSSNjCkIjxS6bF9zb3elmeNGIjoY=
github.com/klauspost/compress v1.18.0 h1:c/Cqfb0r+Yi+JtIEq73FWXVkRonBlf0CRNYc8Zttxdo=
github.com/klauspost/compress v1.18.0/go.mod h1:2Pp+KzxcywXVXMr50+X0Q/Lsb43OQHYWRCY2AiWywWQ=
github.com/savsgio/gotils v0.0.0-20250408102913-196191ec6287 h1:qIQ0tWF9vxGtkJa24bR+2i53WBCz1nW/Pc47oVYauC4=
github.com/savsgio/gotils v0.0.0-20250408102913-196191ec6287/go.mod h1:sM7Mt7uEoCeFSCBM+qBrqvEo+/9vdmj19wzp3yzUhmg=
github.com/valyala/bytebufferpool v1.0.0 h1:GqA5TC/0021Y/b9FG4Oi9Mr3q7XYx6KllzawFIhcdPw=
github.com/valyala/bytebufferpool v1.0.0/go.mod h1:6bBcMArwyJ5K/AmCkWv1jt77kVWyCJ6HpOuEn7z0Csc=
github.com/valyala/fasthttp v1.64.0 h1:QBygLLQmiAyiXuRhthf0tuRkqAFcrC42dckN2S+N3og=
github.com/valyala/fasthttp v1.64.0/go.mod h1:dGmFxwkWXSK0NbOSJuF7AMVzU+lkHz0wQVvVITv2UQA=
github.com/xyproto/randomstring v1.0.5 h1:YtlWPoRdgMu3NZtP45drfy1GKoojuR7hmRcnhZqKjWU=
github.com/xyproto/randomstring v1.0.5/go.mod h1:rgmS5DeNXLivK7YprL0pY+lTuhNQW3iGxZ18UQApw/E=
gotest.tools/v3 v3.5.2 h1:7koQfIKdy+I8UTetycgUqXWSDwpgv193Ka+qRsmBY8Q=
gotest.tools/v3 v3.5.2/go.mod h1:LtdLGcnqToBH83WByAAi/wiwSFCArdFIUV/xxN4pcjA=
